{
    "_readme": [
        "This file locks the dependencies of your project to a known state",
        "Read more about it at https://getcomposer.org/doc/01-basic-usage.md#installing-dependencies",
        "This file is @generated automatically"
    ],
    "content-hash": "626186f329b156c693ba2e2e086e2097",
    "packages": [
        {
            "name": "guzzlehttp/guzzle",
            "version": "6.5.2",
            "source": {
                "type": "git",
                "url": "https://github.com/guzzle/guzzle.git",
                "reference": "43ece0e75098b7ecd8d13918293029e555a50f82"
            },
            "dist": {
                "type": "zip",
                "url": "https://api.github.com/repos/guzzle/guzzle/zipball/43ece0e75098b7ecd8d13918293029e555a50f82",
                "reference": "43ece0e75098b7ecd8d13918293029e555a50f82",
                "shasum": ""
            },
            "require": {
                "ext-json": "*",
                "guzzlehttp/promises": "^1.0",
                "guzzlehttp/psr7": "^1.6.1",
                "php": ">=5.5"
            },
            "require-dev": {
                "ext-curl": "*",
                "phpunit/phpunit": "^4.8.35 || ^5.7 || ^6.4 || ^7.0",
                "psr/log": "^1.1"
            },
            "suggest": {
                "ext-intl": "Required for Internationalized Domain Name (IDN) support",
                "psr/log": "Required for using the Log middleware"
            },
            "type": "library",
            "extra": {
                "branch-alias": {
                    "dev-master": "6.5-dev"
                }
            },
            "autoload": {
                "psr-4": {
                    "GuzzleHttp\\": "src/"
                },
                "files": [
                    "src/functions_include.php"
                ]
            },
            "notification-url": "https://packagist.org/downloads/",
            "license": [
                "MIT"
            ],
            "authors": [
                {
                    "name": "Michael Dowling",
                    "email": "mtdowling@gmail.com",
                    "homepage": "https://github.com/mtdowling"
                }
            ],
            "description": "Guzzle is a PHP HTTP client library",
            "homepage": "http://guzzlephp.org/",
            "keywords": [
                "client",
                "curl",
                "framework",
                "http",
                "http client",
                "rest",
                "web service"
            ],
            "time": "2019-12-23T11:57:10+00:00"
        },
        {
            "name": "guzzlehttp/promises",
            "version": "v1.3.1",
            "source": {
                "type": "git",
                "url": "https://github.com/guzzle/promises.git",
                "reference": "a59da6cf61d80060647ff4d3eb2c03a2bc694646"
            },
            "dist": {
                "type": "zip",
                "url": "https://api.github.com/repos/guzzle/promises/zipball/a59da6cf61d80060647ff4d3eb2c03a2bc694646",
                "reference": "a59da6cf61d80060647ff4d3eb2c03a2bc694646",
                "shasum": ""
            },
            "require": {
                "php": ">=5.5.0"
            },
            "require-dev": {
                "phpunit/phpunit": "^4.0"
            },
            "type": "library",
            "extra": {
                "branch-alias": {
                    "dev-master": "1.4-dev"
                }
            },
            "autoload": {
                "psr-4": {
                    "GuzzleHttp\\Promise\\": "src/"
                },
                "files": [
                    "src/functions_include.php"
                ]
            },
            "notification-url": "https://packagist.org/downloads/",
            "license": [
                "MIT"
            ],
            "authors": [
                {
                    "name": "Michael Dowling",
                    "email": "mtdowling@gmail.com",
                    "homepage": "https://github.com/mtdowling"
                }
            ],
            "description": "Guzzle promises library",
            "keywords": [
                "promise"
            ],
            "time": "2016-12-20T10:07:11+00:00"
        },
        {
            "name": "guzzlehttp/psr7",
            "version": "1.6.1",
            "source": {
                "type": "git",
                "url": "https://github.com/guzzle/psr7.git",
                "reference": "239400de7a173fe9901b9ac7c06497751f00727a"
            },
            "dist": {
                "type": "zip",
                "url": "https://api.github.com/repos/guzzle/psr7/zipball/239400de7a173fe9901b9ac7c06497751f00727a",
                "reference": "239400de7a173fe9901b9ac7c06497751f00727a",
                "shasum": ""
            },
            "require": {
                "php": ">=5.4.0",
                "psr/http-message": "~1.0",
                "ralouphie/getallheaders": "^2.0.5 || ^3.0.0"
            },
            "provide": {
                "psr/http-message-implementation": "1.0"
            },
            "require-dev": {
                "ext-zlib": "*",
                "phpunit/phpunit": "~4.8.36 || ^5.7.27 || ^6.5.8"
            },
            "suggest": {
                "zendframework/zend-httphandlerrunner": "Emit PSR-7 responses"
            },
            "type": "library",
            "extra": {
                "branch-alias": {
                    "dev-master": "1.6-dev"
                }
            },
            "autoload": {
                "psr-4": {
                    "GuzzleHttp\\Psr7\\": "src/"
                },
                "files": [
                    "src/functions_include.php"
                ]
            },
            "notification-url": "https://packagist.org/downloads/",
            "license": [
                "MIT"
            ],
            "authors": [
                {
                    "name": "Michael Dowling",
                    "email": "mtdowling@gmail.com",
                    "homepage": "https://github.com/mtdowling"
                },
                {
                    "name": "Tobias Schultze",
                    "homepage": "https://github.com/Tobion"
                }
            ],
            "description": "PSR-7 message implementation that also provides common utility methods",
            "keywords": [
                "http",
                "message",
                "psr-7",
                "request",
                "response",
                "stream",
                "uri",
                "url"
            ],
            "time": "2019-07-01T23:21:34+00:00"
        },
        {
            "name": "league/climate",
            "version": "3.5.2",
            "source": {
                "type": "git",
                "url": "https://github.com/thephpleague/climate.git",
                "reference": "6b53a28a58ad9f5f63042e291eb870cf0d02a9c9"
            },
            "dist": {
                "type": "zip",
                "url": "https://api.github.com/repos/thephpleague/climate/zipball/6b53a28a58ad9f5f63042e291eb870cf0d02a9c9",
                "reference": "6b53a28a58ad9f5f63042e291eb870cf0d02a9c9",
                "shasum": ""
            },
            "require": {
                "php": "^7.1",
                "psr/log": "^1.0",
                "seld/cli-prompt": "^1.0"
            },
            "require-dev": {
                "mikey179/vfsstream": "^1.4",
                "mockery/mockery": "^1.0",
                "phpunit/phpunit": "^5.7.16"
            },
            "suggest": {
                "ext-mbstring": "If ext-mbstring is not available you MUST install symfony/polyfill-mbstring"
            },
            "type": "library",
            "autoload": {
                "psr-4": {
                    "League\\CLImate\\": "src/"
                }
            },
            "notification-url": "https://packagist.org/downloads/",
            "license": [
                "MIT"
            ],
            "authors": [
                {
                    "name": "Joe Tannenbaum",
                    "email": "hey@joe.codes",
                    "homepage": "http://joe.codes/",
                    "role": "Developer"
                },
                {
                    "name": "Craig Duncan",
                    "email": "git@duncanc.co.uk",
                    "homepage": "https://github.com/duncan3dc",
                    "role": "Developer"
                }
            ],
            "description": "PHP's best friend for the terminal. CLImate allows you to easily output colored text, special formats, and more.",
            "keywords": [
                "cli",
                "colors",
                "command",
                "php",
                "terminal"
            ],
            "time": "2019-12-01T15:25:43+00:00"
        },
        {
            "name": "mediashare/crawler",
            "version": "0.1.4",
            "source": {
                "type": "git",
                "url": "https://github.com/Mediashare/crawler.git",
                "reference": "59dc3f6e681304c2cfa17c530f38a1839277bb37"
            },
            "dist": {
                "type": "zip",
                "url": "https://api.github.com/repos/Mediashare/crawler/zipball/59dc3f6e681304c2cfa17c530f38a1839277bb37",
                "reference": "59dc3f6e681304c2cfa17c530f38a1839277bb37",
                "shasum": ""
            },
            "require": {
                "league/climate": "^3.5",
                "mediashare/scraper": "^0.1"
            },
            "require-dev": {
                "tracy/tracy": "^2.7"
            },
            "type": "library",
            "autoload": {
                "psr-4": {
                    "Mediashare\\Crawler\\": "src/"
                }
            },
            "notification-url": "https://packagist.org/downloads/",
            "license": [
                "MIT"
            ],
            "authors": [
                {
                    "name": "Mediashare",
                    "email": "mediashare.supp@gmail.com"
                }
            ],
            "description": "Crawl urls from a webpage and provide a DomCrawler with Scraper Library",
            "keywords": [
                "crawl",
                "crawler",
                "crawling",
                "dom",
                "domcrawler",
                "scrape",
                "scraper",
                "scraping"
            ],
            "time": "2019-12-27T19:53:35+00:00"
        },
        {
            "name": "mediashare/kernel",
            "version": "0.1.9",
            "source": {
                "type": "git",
                "url": "https://github.com/Mediashare/kernel.git",
                "reference": "eebd0a1ecca8c2abcbe567b866d68301baec8642"
            },
            "dist": {
                "type": "zip",
                "url": "https://api.github.com/repos/Mediashare/kernel/zipball/eebd0a1ecca8c2abcbe567b866d68301baec8642",
                "reference": "eebd0a1ecca8c2abcbe567b866d68301baec8642",
                "shasum": ""
            },
            "require": {
                "league/climate": "^3.5",
                "mediashare/modules-provider": "^0.2.2",
                "twig/twig": "^3.0"
            },
            "require-dev": {
                "tracy/tracy": "^2.7"
            },
            "type": "library",
            "autoload": {
                "psr-4": {
                    "Mediashare\\Kernel\\": "src/"
                }
            },
            "notification-url": "https://packagist.org/downloads/",
            "license": [
                "MIT"
            ],
            "authors": [
                {
                    "name": "Mediashare",
                    "email": "mediashare.supp@gmail.com"
                }
            ],
            "description": "Mediashare Kernel with all public modules provided.",
            "time": "2020-01-13T14:26:36+00:00"
        },
        {
            "name": "mediashare/modules-provider",
            "version": "0.2.4",
            "source": {
                "type": "git",
                "url": "https://github.com/Mediashare/modules-provider.git",
                "reference": "41821b065abeb35ec3d5943d59486a096c7fabad"
            },
            "dist": {
                "type": "zip",
                "url": "https://api.github.com/repos/Mediashare/modules-provider/zipball/41821b065abeb35ec3d5943d59486a096c7fabad",
                "reference": "41821b065abeb35ec3d5943d59486a096c7fabad",
                "shasum": ""
            },
            "require": {
                "league/climate": "^3.5"
            },
            "require-dev": {
                "tracy/tracy": "^2.7"
            },
            "type": "library",
            "autoload": {
                "psr-4": {
                    "Mediashare\\ModulesProvider\\": "src/"
                }
            },
            "notification-url": "https://packagist.org/downloads/",
            "license": [
                "MIT"
            ],
            "authors": [
                {
                    "name": "Mediashare",
                    "email": "mediashare.supp@gmail.com"
                }
            ],
            "description": "Modules provider is an object autoloader for automating and simplifying some code inclusion in different projects. You can call object(s) from different folders and create a container with multiple objects.",
            "time": "2020-01-06T22:35:53+00:00"
        },
        {
            "name": "mediashare/scraper",
            "version": "0.1.1",
            "source": {
                "type": "git",
                "url": "https://github.com/Mediashare/scraper.git",
                "reference": "4fbe22ca9cf6de6b9560f1873ebbd4de8f8fe673"
            },
            "dist": {
                "type": "zip",
                "url": "https://api.github.com/repos/Mediashare/scraper/zipball/4fbe22ca9cf6de6b9560f1873ebbd4de8f8fe673",
                "reference": "4fbe22ca9cf6de6b9560f1873ebbd4de8f8fe673",
                "shasum": ""
            },
            "require": {
                "guzzlehttp/guzzle": "~6.0",
                "symfony/css-selector": "^5.0",
                "symfony/dom-crawler": "^5.0"
            },
            "require-dev": {
                "tracy/tracy": "^2.7"
            },
            "type": "library",
            "autoload": {
                "psr-4": {
                    "Mediashare\\Scraper\\": "src/"
                }
            },
            "notification-url": "https://packagist.org/downloads/",
            "license": [
                "MIT"
            ],
            "authors": [
                {
                    "name": "Mediashare",
                    "email": "mediashare.supp@gmail.com"
                }
            ],
            "description": "Scrapes the information from the targeted page and provides a DomCrawler",
            "keywords": [
                "crawler",
                "dom",
                "domcrawler",
                "scrape",
                "scraper",
                "scraping"
            ],
            "time": "2019-12-27T19:51:11+00:00"
        },
        {
            "name": "psr/http-message",
            "version": "1.0.1",
            "source": {
                "type": "git",
                "url": "https://github.com/php-fig/http-message.git",
                "reference": "f6561bf28d520154e4b0ec72be95418abe6d9363"
            },
            "dist": {
                "type": "zip",
                "url": "https://api.github.com/repos/php-fig/http-message/zipball/f6561bf28d520154e4b0ec72be95418abe6d9363",
                "reference": "f6561bf28d520154e4b0ec72be95418abe6d9363",
                "shasum": ""
            },
            "require": {
                "php": ">=5.3.0"
            },
            "type": "library",
            "extra": {
                "branch-alias": {
                    "dev-master": "1.0.x-dev"
                }
            },
            "autoload": {
                "psr-4": {
                    "Psr\\Http\\Message\\": "src/"
                }
            },
            "notification-url": "https://packagist.org/downloads/",
            "license": [
                "MIT"
            ],
            "authors": [
                {
                    "name": "PHP-FIG",
                    "homepage": "http://www.php-fig.org/"
                }
            ],
            "description": "Common interface for HTTP messages",
            "homepage": "https://github.com/php-fig/http-message",
            "keywords": [
                "http",
                "http-message",
                "psr",
                "psr-7",
                "request",
                "response"
            ],
            "time": "2016-08-06T14:39:51+00:00"
        },
        {
            "name": "psr/log",
            "version": "1.1.2",
            "source": {
                "type": "git",
                "url": "https://github.com/php-fig/log.git",
                "reference": "446d54b4cb6bf489fc9d75f55843658e6f25d801"
            },
            "dist": {
                "type": "zip",
                "url": "https://api.github.com/repos/php-fig/log/zipball/446d54b4cb6bf489fc9d75f55843658e6f25d801",
                "reference": "446d54b4cb6bf489fc9d75f55843658e6f25d801",
                "shasum": ""
            },
            "require": {
                "php": ">=5.3.0"
            },
            "type": "library",
            "extra": {
                "branch-alias": {
                    "dev-master": "1.1.x-dev"
                }
            },
            "autoload": {
                "psr-4": {
                    "Psr\\Log\\": "Psr/Log/"
                }
            },
            "notification-url": "https://packagist.org/downloads/",
            "license": [
                "MIT"
            ],
            "authors": [
                {
                    "name": "PHP-FIG",
                    "homepage": "http://www.php-fig.org/"
                }
            ],
            "description": "Common interface for logging libraries",
            "homepage": "https://github.com/php-fig/log",
            "keywords": [
                "log",
                "psr",
                "psr-3"
            ],
            "time": "2019-11-01T11:05:21+00:00"
        },
        {
            "name": "ralouphie/getallheaders",
            "version": "3.0.3",
            "source": {
                "type": "git",
                "url": "https://github.com/ralouphie/getallheaders.git",
                "reference": "120b605dfeb996808c31b6477290a714d356e822"
            },
            "dist": {
                "type": "zip",
                "url": "https://api.github.com/repos/ralouphie/getallheaders/zipball/120b605dfeb996808c31b6477290a714d356e822",
                "reference": "120b605dfeb996808c31b6477290a714d356e822",
                "shasum": ""
            },
            "require": {
                "php": ">=5.6"
            },
            "require-dev": {
                "php-coveralls/php-coveralls": "^2.1",
                "phpunit/phpunit": "^5 || ^6.5"
            },
            "type": "library",
            "autoload": {
                "files": [
                    "src/getallheaders.php"
                ]
            },
            "notification-url": "https://packagist.org/downloads/",
            "license": [
                "MIT"
            ],
            "authors": [
                {
                    "name": "Ralph Khattar",
                    "email": "ralph.khattar@gmail.com"
                }
            ],
            "description": "A polyfill for getallheaders.",
            "time": "2019-03-08T08:55:37+00:00"
        },
        {
            "name": "seld/cli-prompt",
            "version": "1.0.3",
            "source": {
                "type": "git",
                "url": "https://github.com/Seldaek/cli-prompt.git",
                "reference": "a19a7376a4689d4d94cab66ab4f3c816019ba8dd"
            },
            "dist": {
                "type": "zip",
                "url": "https://api.github.com/repos/Seldaek/cli-prompt/zipball/a19a7376a4689d4d94cab66ab4f3c816019ba8dd",
                "reference": "a19a7376a4689d4d94cab66ab4f3c816019ba8dd",
                "shasum": ""
            },
            "require": {
                "php": ">=5.3"
            },
            "type": "library",
            "extra": {
                "branch-alias": {
                    "dev-master": "1.x-dev"
                }
            },
            "autoload": {
                "psr-4": {
                    "Seld\\CliPrompt\\": "src/"
                }
            },
            "notification-url": "https://packagist.org/downloads/",
            "license": [
                "MIT"
            ],
            "authors": [
                {
                    "name": "Jordi Boggiano",
                    "email": "j.boggiano@seld.be"
                }
            ],
            "description": "Allows you to prompt for user input on the command line, and optionally hide the characters they type",
            "keywords": [
                "cli",
                "console",
                "hidden",
                "input",
                "prompt"
            ],
            "time": "2017-03-18T11:32:45+00:00"
        },
        {
            "name": "symfony/css-selector",
            "version": "v5.0.3",
            "source": {
                "type": "git",
                "url": "https://github.com/symfony/css-selector.git",
                "reference": "ff60c90cb7950b592ebc84ad1289d0345bf24f9f"
            },
            "dist": {
                "type": "zip",
                "url": "https://api.github.com/repos/symfony/css-selector/zipball/ff60c90cb7950b592ebc84ad1289d0345bf24f9f",
                "reference": "ff60c90cb7950b592ebc84ad1289d0345bf24f9f",
                "shasum": ""
            },
            "require": {
                "php": "^7.2.5"
            },
            "type": "library",
            "extra": {
                "branch-alias": {
                    "dev-master": "5.0-dev"
                }
            },
            "autoload": {
                "psr-4": {
                    "Symfony\\Component\\CssSelector\\": ""
                },
                "exclude-from-classmap": [
                    "/Tests/"
                ]
            },
            "notification-url": "https://packagist.org/downloads/",
            "license": [
                "MIT"
            ],
            "authors": [
                {
                    "name": "Fabien Potencier",
                    "email": "fabien@symfony.com"
                },
                {
                    "name": "Jean-François Simon",
                    "email": "jeanfrancois.simon@sensiolabs.com"
                },
                {
                    "name": "Symfony Community",
                    "homepage": "https://symfony.com/contributors"
                }
            ],
            "description": "Symfony CssSelector Component",
            "homepage": "https://symfony.com",
            "time": "2020-01-04T14:08:26+00:00"
        },
        {
            "name": "symfony/dom-crawler",
            "version": "v5.0.3",
            "source": {
                "type": "git",
                "url": "https://github.com/symfony/dom-crawler.git",
                "reference": "439c3c7be4daa569deef0dd1e30cf3562108d062"
            },
            "dist": {
                "type": "zip",
                "url": "https://api.github.com/repos/symfony/dom-crawler/zipball/439c3c7be4daa569deef0dd1e30cf3562108d062",
                "reference": "439c3c7be4daa569deef0dd1e30cf3562108d062",
                "shasum": ""
            },
            "require": {
                "php": "^7.2.5",
                "symfony/polyfill-ctype": "~1.8",
                "symfony/polyfill-mbstring": "~1.0"
            },
            "conflict": {
                "masterminds/html5": "<2.6"
            },
            "require-dev": {
                "masterminds/html5": "^2.6",
                "symfony/css-selector": "^4.4|^5.0"
            },
            "suggest": {
                "symfony/css-selector": ""
            },
            "type": "library",
            "extra": {
                "branch-alias": {
                    "dev-master": "5.0-dev"
                }
            },
            "autoload": {
                "psr-4": {
                    "Symfony\\Component\\DomCrawler\\": ""
                },
                "exclude-from-classmap": [
                    "/Tests/"
                ]
            },
            "notification-url": "https://packagist.org/downloads/",
            "license": [
                "MIT"
            ],
            "authors": [
                {
                    "name": "Fabien Potencier",
                    "email": "fabien@symfony.com"
                },
                {
                    "name": "Symfony Community",
                    "homepage": "https://symfony.com/contributors"
                }
            ],
            "description": "Symfony DomCrawler Component",
            "homepage": "https://symfony.com",
            "time": "2020-01-04T14:08:26+00:00"
        },
        {
            "name": "symfony/filesystem",
            "version": "v5.0.3",
            "source": {
                "type": "git",
                "url": "https://github.com/symfony/filesystem.git",
                "reference": "3afadc0f57cd74f86379d073e694b0f2cda2a88c"
            },
            "dist": {
                "type": "zip",
                "url": "https://api.github.com/repos/symfony/filesystem/zipball/3afadc0f57cd74f86379d073e694b0f2cda2a88c",
                "reference": "3afadc0f57cd74f86379d073e694b0f2cda2a88c",
                "shasum": ""
            },
            "require": {
                "php": "^7.2.5",
                "symfony/polyfill-ctype": "~1.8"
            },
            "type": "library",
            "extra": {
                "branch-alias": {
                    "dev-master": "5.0-dev"
                }
            },
            "autoload": {
                "psr-4": {
                    "Symfony\\Component\\Filesystem\\": ""
                },
                "exclude-from-classmap": [
                    "/Tests/"
                ]
            },
            "notification-url": "https://packagist.org/downloads/",
            "license": [
                "MIT"
            ],
            "authors": [
                {
                    "name": "Fabien Potencier",
                    "email": "fabien@symfony.com"
                },
                {
                    "name": "Symfony Community",
                    "homepage": "https://symfony.com/contributors"
                }
            ],
            "description": "Symfony Filesystem Component",
            "homepage": "https://symfony.com",
            "time": "2020-01-21T08:40:24+00:00"
        },
        {
            "name": "symfony/finder",
            "version": "v5.0.3",
            "source": {
                "type": "git",
                "url": "https://github.com/symfony/finder.git",
                "reference": "4176e7cb846fe08f32518b7e0ed8462e2db8d9bb"
            },
            "dist": {
                "type": "zip",
                "url": "https://api.github.com/repos/symfony/finder/zipball/4176e7cb846fe08f32518b7e0ed8462e2db8d9bb",
                "reference": "4176e7cb846fe08f32518b7e0ed8462e2db8d9bb",
                "shasum": ""
            },
            "require": {
                "php": "^7.2.5"
            },
            "type": "library",
            "extra": {
                "branch-alias": {
                    "dev-master": "5.0-dev"
                }
            },
            "autoload": {
                "psr-4": {
                    "Symfony\\Component\\Finder\\": ""
                },
                "exclude-from-classmap": [
                    "/Tests/"
                ]
            },
            "notification-url": "https://packagist.org/downloads/",
            "license": [
                "MIT"
            ],
            "authors": [
                {
                    "name": "Fabien Potencier",
                    "email": "fabien@symfony.com"
                },
                {
                    "name": "Symfony Community",
                    "homepage": "https://symfony.com/contributors"
                }
            ],
            "description": "Symfony Finder Component",
            "homepage": "https://symfony.com",
            "time": "2020-01-04T14:08:26+00:00"
        },
        {
            "name": "symfony/polyfill-ctype",
            "version": "v1.13.1",
            "source": {
                "type": "git",
                "url": "https://github.com/symfony/polyfill-ctype.git",
                "reference": "f8f0b461be3385e56d6de3dbb5a0df24c0c275e3"
            },
            "dist": {
                "type": "zip",
                "url": "https://api.github.com/repos/symfony/polyfill-ctype/zipball/f8f0b461be3385e56d6de3dbb5a0df24c0c275e3",
                "reference": "f8f0b461be3385e56d6de3dbb5a0df24c0c275e3",
                "shasum": ""
            },
            "require": {
                "php": ">=5.3.3"
            },
            "suggest": {
                "ext-ctype": "For best performance"
            },
            "type": "library",
            "extra": {
                "branch-alias": {
                    "dev-master": "1.13-dev"
                }
            },
            "autoload": {
                "psr-4": {
                    "Symfony\\Polyfill\\Ctype\\": ""
                },
                "files": [
                    "bootstrap.php"
                ]
            },
            "notification-url": "https://packagist.org/downloads/",
            "license": [
                "MIT"
            ],
            "authors": [
                {
                    "name": "Gert de Pagter",
                    "email": "BackEndTea@gmail.com"
                },
                {
                    "name": "Symfony Community",
                    "homepage": "https://symfony.com/contributors"
                }
            ],
            "description": "Symfony polyfill for ctype functions",
            "homepage": "https://symfony.com",
            "keywords": [
                "compatibility",
                "ctype",
                "polyfill",
                "portable"
            ],
            "time": "2019-11-27T13:56:44+00:00"
        },
        {
            "name": "symfony/polyfill-mbstring",
            "version": "v1.13.1",
            "source": {
                "type": "git",
                "url": "https://github.com/symfony/polyfill-mbstring.git",
                "reference": "7b4aab9743c30be783b73de055d24a39cf4b954f"
            },
            "dist": {
                "type": "zip",
                "url": "https://api.github.com/repos/symfony/polyfill-mbstring/zipball/7b4aab9743c30be783b73de055d24a39cf4b954f",
                "reference": "7b4aab9743c30be783b73de055d24a39cf4b954f",
                "shasum": ""
            },
            "require": {
                "php": ">=5.3.3"
            },
            "suggest": {
                "ext-mbstring": "For best performance"
            },
            "type": "library",
            "extra": {
                "branch-alias": {
                    "dev-master": "1.13-dev"
                }
            },
            "autoload": {
                "psr-4": {
                    "Symfony\\Polyfill\\Mbstring\\": ""
                },
                "files": [
                    "bootstrap.php"
                ]
            },
            "notification-url": "https://packagist.org/downloads/",
            "license": [
                "MIT"
            ],
            "authors": [
                {
                    "name": "Nicolas Grekas",
                    "email": "p@tchwork.com"
                },
                {
                    "name": "Symfony Community",
                    "homepage": "https://symfony.com/contributors"
                }
            ],
            "description": "Symfony polyfill for the Mbstring extension",
            "homepage": "https://symfony.com",
            "keywords": [
                "compatibility",
                "mbstring",
                "polyfill",
                "portable",
                "shim"
            ],
            "time": "2019-11-27T14:18:11+00:00"
        },
        {
            "name": "twig/twig",
            "version": "v3.0.1",
            "source": {
                "type": "git",
                "url": "https://github.com/twigphp/Twig.git",
                "reference": "28f856a4c57eeb24485916e8a68403f41a133616"
            },
            "dist": {
                "type": "zip",
                "url": "https://api.github.com/repos/twigphp/Twig/zipball/28f856a4c57eeb24485916e8a68403f41a133616",
                "reference": "28f856a4c57eeb24485916e8a68403f41a133616",
                "shasum": ""
            },
            "require": {
                "php": "^7.2.5",
                "symfony/polyfill-ctype": "^1.8",
                "symfony/polyfill-mbstring": "^1.3"
            },
            "require-dev": {
                "psr/container": "^1.0",
                "symfony/phpunit-bridge": "^4.4|^5.0"
            },
            "type": "library",
            "extra": {
                "branch-alias": {
                    "dev-master": "3.0-dev"
                }
            },
            "autoload": {
                "psr-4": {
                    "Twig\\": "src/"
                }
            },
            "notification-url": "https://packagist.org/downloads/",
            "license": [
                "BSD-3-Clause"
            ],
            "authors": [
                {
                    "name": "Fabien Potencier",
                    "email": "fabien@symfony.com",
                    "homepage": "http://fabien.potencier.org",
                    "role": "Lead Developer"
                },
                {
                    "name": "Twig Team",
                    "role": "Contributors"
                },
                {
                    "name": "Armin Ronacher",
                    "email": "armin.ronacher@active-4.com",
                    "role": "Project Founder"
                }
            ],
            "description": "Twig, the flexible, fast, and secure template language for PHP",
            "homepage": "https://twig.symfony.com",
            "keywords": [
                "templating"
            ],
            "time": "2019-12-28T07:17:28+00:00"
        },
        {
            "name": "zumba/json-serializer",
            "version": "2.2.0",
            "source": {
                "type": "git",
                "url": "https://github.com/zumba/json-serializer.git",
                "reference": "b7415a88841f4493eddfba390456b25fe22e286a"
            },
            "dist": {
                "type": "zip",
                "url": "https://api.github.com/repos/zumba/json-serializer/zipball/b7415a88841f4493eddfba390456b25fe22e286a",
                "reference": "b7415a88841f4493eddfba390456b25fe22e286a",
                "shasum": ""
            },
            "require": {
                "ext-mbstring": "*",
                "php": ">=5.4.0"
            },
            "require-dev": {
                "phpunit/phpunit": "4.8.*"
            },
            "suggest": {
                "jeremeamia/superclosure": "Allow to serialize PHP closures"
            },
            "type": "library",
            "autoload": {
                "psr-4": {
                    "Zumba\\": "src/",
                    "Zumba\\JsonSerializer\\Test\\": "tests/"
                }
            },
            "notification-url": "https://packagist.org/downloads/",
            "license": [
                "MIT"
            ],
            "authors": [
                {
                    "name": "Juan Basso",
                    "email": "juan.basso@zumba.com"
                },
                {
                    "name": "Zumba Fitness, LLC",
                    "email": "engineering@zumba.com"
                }
            ],
            "description": "Serialize PHP variables, including objects, in JSON format. Support to unserialize it too.",
            "homepage": "http://tech.zumba.com",
            "keywords": [
                "json",
                "serialize",
                "serializer"
            ],
            "time": "2018-02-07T18:14:13+00:00"
        }
    ],
    "packages-dev": [
        {
            "name": "tracy/tracy",
            "version": "v2.7.2",
            "source": {
                "type": "git",
                "url": "https://github.com/nette/tracy.git",
                "reference": "d28ebdf7ab8d88f231310aef1e8cce965ea0b2ca"
            },
            "dist": {
                "type": "zip",
                "url": "https://api.github.com/repos/nette/tracy/zipball/d28ebdf7ab8d88f231310aef1e8cce965ea0b2ca",
                "reference": "d28ebdf7ab8d88f231310aef1e8cce965ea0b2ca",
                "shasum": ""
            },
            "require": {
                "ext-json": "*",
                "ext-session": "*",
                "php": ">=7.1"
            },
            "conflict": {
                "nette/di": "<3.0"
            },
            "require-dev": {
                "nette/di": "^3.0",
                "nette/tester": "^2.2",
                "nette/utils": "^3.0",
                "phpstan/phpstan": "^0.12",
                "psr/log": "^1.0"
            },
            "suggest": {
                "https://nette.org/donate": "Please support Tracy via a donation"
            },
            "type": "library",
            "extra": {
                "branch-alias": {
                    "dev-master": "2.7-dev"
                }
            },
            "autoload": {
                "classmap": [
                    "src"
                ],
                "files": [
                    "src/Tracy/shortcuts.php"
                ]
            },
            "notification-url": "https://packagist.org/downloads/",
            "license": [
                "BSD-3-Clause"
            ],
            "authors": [
                {
                    "name": "David Grudl",
                    "homepage": "https://davidgrudl.com"
                },
                {
                    "name": "Nette Community",
                    "homepage": "https://nette.org/contributors"
                }
            ],
            "description": "😎 Tracy: the addictive tool to ease debugging PHP code for cool developers. Friendly design, logging, profiler, advanced features like debugging AJAX calls or CLI support. You will love it.",
            "homepage": "https://tracy.nette.org",
            "keywords": [
                "Xdebug",
                "debug",
                "debugger",
                "nette",
                "profiler"
            ],
            "time": "2019-12-15T22:48:05+00:00"
        }
    ],
    "aliases": [],
    "minimum-stability": "alpha",
    "stability-flags": [],
    "prefer-stable": false,
    "prefer-lowest": false,
    "platform": [],
    "platform-dev": []
}
